
Microsoft Visual Studio Solution File, Format Version 12.00
# Visual Studio Version 16
VisualStudioVersion = 16.0.30503.244
MinimumVisualStudioVersion = 10.0.40219.1
Project("{FAE04EC0-301F-11D3-BF4B-00C04F79EFBC}") = "LAb 1 OOP", "LAb 1 OOP\LAb 1 OOP.csproj", "{46B0C81C-861B-4B01-9A20-4F43E497CFAE}"
EndProject
Global
	GlobalSection(SolutionConfigurationPlatforms) = preSolution
		Debug|Any CPU = Debug|Any CPU
		Release|Any CPU = Release|Any CPU
	EndGlobalSection
	GlobalSection(ProjectConfigurationPlatforms) = postSolution
		{46B0C81C-861B-4B01-9A20-4F43E497CFAE}.Debug|Any CPU.ActiveCfg = Debug|Any CPU
		{46B0C81C-861B-4B01-9A20-4F43E497CFAE}.Debug|Any CPU.Build.0 = Debug|Any CPU
		{46B0C81C-861B-4B01-9A20-4F43E497CFAE}.Release|Any CPU.ActiveCfg = Release|Any CPU
		{46B0C81C-861B-4B01-9A20-4F43E497CFAE}.Release|Any CPU.Build.0 = Release|Any CPU
	EndGlobalSection
	GlobalSection(SolutionProperties) = preSolution
		HideSolutionNode = FALSE
	EndGlobalSection
	GlobalSection(ExtensibilityGlobals) = postSolution
		SolutionGuid = {DCA29A39-3934-455A-B308-D9D0013E0DF5}
	EndGlobalSection
EndGlobal
